// !$*UTF8*$!
{
	archiveVersion = 1;
	classes = {
	};
	objectVersion = 56;
	objects = {

/* Begin PBXBuildFile section */
		523423CB2B88B028001F8EE0 /* BaseView.swift in Sources */ = {isa = PBXBuildFile; fileRef = 523423CA2B88B028001F8EE0 /* BaseView.swift */; };
		52397EBD2B88B4E700DE18B5 /* SignInView.swift in Sources */ = {isa = PBXBuildFile; fileRef = 52397EBC2B88B4E700DE18B5 /* SignInView.swift */; };
		52397EBF2B88B4F100DE18B5 /* SignInVC.swift in Sources */ = {isa = PBXBuildFile; fileRef = 52397EBE2B88B4F100DE18B5 /* SignInVC.swift */; };
		52397EC22B88B9A400DE18B5 /* customTextField.swift in Sources */ = {isa = PBXBuildFile; fileRef = 52397EC12B88B9A400DE18B5 /* customTextField.swift */; };
		52397EC62B88BB1600DE18B5 /* OpenSans-SemiBoldItalic.ttf in Resources */ = {isa = PBXBuildFile; fileRef = 52397EC52B88BB1600DE18B5 /* OpenSans-SemiBoldItalic.ttf */; };
		52397EC82B88BB4100DE18B5 /* OpenSans-BoldItalic.ttf in Resources */ = {isa = PBXBuildFile; fileRef = 52397EC72B88BB4100DE18B5 /* OpenSans-BoldItalic.ttf */; };
		52397ECA2B88BB5800DE18B5 /* OpenSans-Italic.ttf in Resources */ = {isa = PBXBuildFile; fileRef = 52397EC92B88BB5800DE18B5 /* OpenSans-Italic.ttf */; };
		52397ECC2B88BB6200DE18B5 /* OpenSans-Light.ttf in Resources */ = {isa = PBXBuildFile; fileRef = 52397ECB2B88BB6200DE18B5 /* OpenSans-Light.ttf */; };
		52397ECE2B88BBE400DE18B5 /* ConstantFonts.swift in Sources */ = {isa = PBXBuildFile; fileRef = 52397ECD2B88BBE400DE18B5 /* ConstantFonts.swift */; };
		52397ED12B88BC2200DE18B5 /* UIFontExtension.swift in Sources */ = {isa = PBXBuildFile; fileRef = 52397ED02B88BC2200DE18B5 /* UIFontExtension.swift */; };
		52397ED32B88BD8100DE18B5 /* customButton.swift in Sources */ = {isa = PBXBuildFile; fileRef = 52397ED22B88BD8100DE18B5 /* customButton.swift */; };
		52397ED52B88C59F00DE18B5 /* customLabel.swift in Sources */ = {isa = PBXBuildFile; fileRef = 52397ED42B88C59F00DE18B5 /* customLabel.swift */; };
		52397ED72B88C64800DE18B5 /* customImageView.swift in Sources */ = {isa = PBXBuildFile; fileRef = 52397ED62B88C64800DE18B5 /* customImageView.swift */; };
		52397EDA2B88DDEE00DE18B5 /* GoogleService-Info.plist in Resources */ = {isa = PBXBuildFile; fileRef = 52397ED92B88DDEE00DE18B5 /* GoogleService-Info.plist */; };
		5271ED0F2B8C6305000930E5 /* FavPlacesCell.swift in Sources */ = {isa = PBXBuildFile; fileRef = 5271ED0E2B8C6305000930E5 /* FavPlacesCell.swift */; };
		5271ED132B8C71FF000930E5 /* SelectedPlaceView.swift in Sources */ = {isa = PBXBuildFile; fileRef = 5271ED122B8C71FF000930E5 /* SelectedPlaceView.swift */; };
		5271ED152B8C720C000930E5 /* SelectedPlaceVC.swift in Sources */ = {isa = PBXBuildFile; fileRef = 5271ED142B8C720C000930E5 /* SelectedPlaceVC.swift */; };
		5271ED172B8C724B000930E5 /* ContacsCell.swift in Sources */ = {isa = PBXBuildFile; fileRef = 5271ED162B8C724B000930E5 /* ContacsCell.swift */; };
		5271ED192B8C77EE000930E5 /* PlacesCell.swift in Sources */ = {isa = PBXBuildFile; fileRef = 5271ED182B8C77EE000930E5 /* PlacesCell.swift */; };
		5271ED1B2B8C8033000930E5 /* ContacsManeger.swift in Sources */ = {isa = PBXBuildFile; fileRef = 5271ED1A2B8C8033000930E5 /* ContacsManeger.swift */; };
		528513B32B8A30B200F7442F /* SignUpView.swift in Sources */ = {isa = PBXBuildFile; fileRef = 528513B22B8A30B200F7442F /* SignUpView.swift */; };
		528513B52B8A30C300F7442F /* SignUpVC.swift in Sources */ = {isa = PBXBuildFile; fileRef = 528513B42B8A30C300F7442F /* SignUpVC.swift */; };
		528513B72B8A311200F7442F /* ConstantComponents.swift in Sources */ = {isa = PBXBuildFile; fileRef = 528513B62B8A311200F7442F /* ConstantComponents.swift */; };
		528513B92B8A34AC00F7442F /* customStackView.swift in Sources */ = {isa = PBXBuildFile; fileRef = 528513B82B8A34AC00F7442F /* customStackView.swift */; };
		528513BC2B8A513800F7442F /* SessionManager.swift in Sources */ = {isa = PBXBuildFile; fileRef = 528513BB2B8A513800F7442F /* SessionManager.swift */; };
		528513BF2B8A520500F7442F /* User.swift in Sources */ = {isa = PBXBuildFile; fileRef = 528513BE2B8A520500F7442F /* User.swift */; };
		528513C42B8A683000F7442F /* MapHomeView.swift in Sources */ = {isa = PBXBuildFile; fileRef = 528513C32B8A683000F7442F /* MapHomeView.swift */; };
		528513C62B8A683C00F7442F /* MapHomeVC.swift in Sources */ = {isa = PBXBuildFile; fileRef = 528513C52B8A683C00F7442F /* MapHomeVC.swift */; };
		52AC81C82B8B4E3C001A8F1D /* UserManager.swift in Sources */ = {isa = PBXBuildFile; fileRef = 52AC81C72B8B4E3C001A8F1D /* UserManager.swift */; };
		52AC81CA2B8B56F2001A8F1D /* LocationManager.swift in Sources */ = {isa = PBXBuildFile; fileRef = 52AC81C92B8B56F2001A8F1D /* LocationManager.swift */; };
		52D4CD852B8BD3AD00405F85 /* FavPlacesView.swift in Sources */ = {isa = PBXBuildFile; fileRef = 52D4CD842B8BD3AD00405F85 /* FavPlacesView.swift */; };
		52D4CD872B8BD3B700405F85 /* FavPlacesVC.swift in Sources */ = {isa = PBXBuildFile; fileRef = 52D4CD862B8BD3B700405F85 /* FavPlacesVC.swift */; };
		52DA5F8D2B889A2B00A97A77 /* AppDelegate.swift in Sources */ = {isa = PBXBuildFile; fileRef = 52DA5F8C2B889A2B00A97A77 /* AppDelegate.swift */; };
		52DA5F912B889A2B00A97A77 /* ViewController.swift in Sources */ = {isa = PBXBuildFile; fileRef = 52DA5F902B889A2B00A97A77 /* ViewController.swift */; };
		52DA5F962B889A2C00A97A77 /* Assets.xcassets in Resources */ = {isa = PBXBuildFile; fileRef = 52DA5F952B889A2C00A97A77 /* Assets.xcassets */; };
		52DA5F992B889A2C00A97A77 /* LaunchScreen.storyboard in Resources */ = {isa = PBXBuildFile; fileRef = 52DA5F972B889A2C00A97A77 /* LaunchScreen.storyboard */; };
		52E851892B8A87B200DE97F8 /* tabBar.swift in Sources */ = {isa = PBXBuildFile; fileRef = 52E851882B8A87B200DE97F8 /* tabBar.swift */; };
		52E8518B2B8A8A1E00DE97F8 /* ProfileView.swift in Sources */ = {isa = PBXBuildFile; fileRef = 52E8518A2B8A8A1E00DE97F8 /* ProfileView.swift */; };
		52E8518D2B8A8A2900DE97F8 /* ProfileVC.swift in Sources */ = {isa = PBXBuildFile; fileRef = 52E8518C2B8A8A2900DE97F8 /* ProfileVC.swift */; };
		52E8518F2B8A8A3500DE97F8 /* StatsVC.swift in Sources */ = {isa = PBXBuildFile; fileRef = 52E8518E2B8A8A3500DE97F8 /* StatsVC.swift */; };
		52E851912B8A8A4100DE97F8 /* StatsView.swift in Sources */ = {isa = PBXBuildFile; fileRef = 52E851902B8A8A4100DE97F8 /* StatsView.swift */; };
		A02BDC7C3E5909A74EE83774 /* Pods_HealthyLife.framework in Frameworks */ = {isa = PBXBuildFile; fileRef = 619E75416115637E82D5CDF8 /* Pods_HealthyLife.framework */; };
/* End PBXBuildFile section */

/* Begin PBXFileReference section */
		2B4E39DF478908EA0ED21156 /* Pods-HealthyLife.release.xcconfig */ = {isa = PBXFileReference; includeInIndex = 1; lastKnownFileType = text.xcconfig; path = "Pods-HealthyLife.release.xcconfig"; sourceTree = "<group>"; };
		523423C72B88A9C5001F8EE0 /* Pods_HealthyLife.framework */ = {isa = PBXFileReference; lastKnownFileType = wrapper.framework; name = Pods_HealthyLife.framework; path = "../../../../Library/Developer/Xcode/DerivedData/HealthyLife-fcskodtsggdzgbaveizdzzayxjzc/Build/Products/Debug-iphoneos/Pods_HealthyLife.framework"; sourceTree = "<group>"; };
		523423CA2B88B028001F8EE0 /* BaseView.swift */ = {isa = PBXFileReference; lastKnownFileType = sourcecode.swift; path = BaseView.swift; sourceTree = "<group>"; };
		52397EBC2B88B4E700DE18B5 /* SignInView.swift */ = {isa = PBXFileReference; lastKnownFileType = sourcecode.swift; path = SignInView.swift; sourceTree = "<group>"; };
		52397EBE2B88B4F100DE18B5 /* SignInVC.swift */ = {isa = PBXFileReference; lastKnownFileType = sourcecode.swift; path = SignInVC.swift; sourceTree = "<group>"; };
		52397EC12B88B9A400DE18B5 /* customTextField.swift */ = {isa = PBXFileReference; lastKnownFileType = sourcecode.swift; path = customTextField.swift; sourceTree = "<group>"; };
		52397EC52B88BB1600DE18B5 /* OpenSans-SemiBoldItalic.ttf */ = {isa = PBXFileReference; lastKnownFileType = file; name = "OpenSans-SemiBoldItalic.ttf"; path = "../../../../../Downloads/Open_Sans/static/OpenSans-SemiBoldItalic.ttf"; sourceTree = "<group>"; };
		52397EC72B88BB4100DE18B5 /* OpenSans-BoldItalic.ttf */ = {isa = PBXFileReference; lastKnownFileType = file; name = "OpenSans-BoldItalic.ttf"; path = "../../../../../Downloads/Open_Sans/static/OpenSans-BoldItalic.ttf"; sourceTree = "<group>"; };
		52397EC92B88BB5800DE18B5 /* OpenSans-Italic.ttf */ = {isa = PBXFileReference; lastKnownFileType = file; name = "OpenSans-Italic.ttf"; path = "../../../../../Downloads/Open_Sans/static/OpenSans-Italic.ttf"; sourceTree = "<group>"; };
		52397ECB2B88BB6200DE18B5 /* OpenSans-Light.ttf */ = {isa = PBXFileReference; lastKnownFileType = file; name = "OpenSans-Light.ttf"; path = "../../../../../Downloads/Open_Sans/static/OpenSans-Light.ttf"; sourceTree = "<group>"; };
		52397ECD2B88BBE400DE18B5 /* ConstantFonts.swift */ = {isa = PBXFileReference; lastKnownFileType = sourcecode.swift; path = ConstantFonts.swift; sourceTree = "<group>"; };
		52397ED02B88BC2200DE18B5 /* UIFontExtension.swift */ = {isa = PBXFileReference; lastKnownFileType = sourcecode.swift; path = UIFontExtension.swift; sourceTree = "<group>"; };
		52397ED22B88BD8100DE18B5 /* customButton.swift */ = {isa = PBXFileReference; lastKnownFileType = sourcecode.swift; path = customButton.swift; sourceTree = "<group>"; };
		52397ED42B88C59F00DE18B5 /* customLabel.swift */ = {isa = PBXFileReference; lastKnownFileType = sourcecode.swift; path = customLabel.swift; sourceTree = "<group>"; };
		52397ED62B88C64800DE18B5 /* customImageView.swift */ = {isa = PBXFileReference; lastKnownFileType = sourcecode.swift; path = customImageView.swift; sourceTree = "<group>"; };
		52397ED92B88DDEE00DE18B5 /* GoogleService-Info.plist */ = {isa = PBXFileReference; fileEncoding = 4; lastKnownFileType = text.plist.xml; name = "GoogleService-Info.plist"; path = "../../../Downloads/GoogleService-Info.plist"; sourceTree = "<group>"; };
		5271ED0E2B8C6305000930E5 /* FavPlacesCell.swift */ = {isa = PBXFileReference; lastKnownFileType = sourcecode.swift; path = FavPlacesCell.swift; sourceTree = "<group>"; };
		5271ED122B8C71FF000930E5 /* SelectedPlaceView.swift */ = {isa = PBXFileReference; lastKnownFileType = sourcecode.swift; path = SelectedPlaceView.swift; sourceTree = "<group>"; };
		5271ED142B8C720C000930E5 /* SelectedPlaceVC.swift */ = {isa = PBXFileReference; lastKnownFileType = sourcecode.swift; path = SelectedPlaceVC.swift; sourceTree = "<group>"; };
		5271ED162B8C724B000930E5 /* ContacsCell.swift */ = {isa = PBXFileReference; lastKnownFileType = sourcecode.swift; path = ContacsCell.swift; sourceTree = "<group>"; };
		5271ED182B8C77EE000930E5 /* PlacesCell.swift */ = {isa = PBXFileReference; lastKnownFileType = sourcecode.swift; path = PlacesCell.swift; sourceTree = "<group>"; };
		5271ED1A2B8C8033000930E5 /* ContacsManeger.swift */ = {isa = PBXFileReference; lastKnownFileType = sourcecode.swift; path = ContacsManeger.swift; sourceTree = "<group>"; };
		528513B22B8A30B200F7442F /* SignUpView.swift */ = {isa = PBXFileReference; lastKnownFileType = sourcecode.swift; path = SignUpView.swift; sourceTree = "<group>"; };
		528513B42B8A30C300F7442F /* SignUpVC.swift */ = {isa = PBXFileReference; lastKnownFileType = sourcecode.swift; path = SignUpVC.swift; sourceTree = "<group>"; };
		528513B62B8A311200F7442F /* ConstantComponents.swift */ = {isa = PBXFileReference; lastKnownFileType = sourcecode.swift; path = ConstantComponents.swift; sourceTree = "<group>"; };
		528513B82B8A34AC00F7442F /* customStackView.swift */ = {isa = PBXFileReference; lastKnownFileType = sourcecode.swift; path = customStackView.swift; sourceTree = "<group>"; };
		528513BB2B8A513800F7442F /* SessionManager.swift */ = {isa = PBXFileReference; lastKnownFileType = sourcecode.swift; path = SessionManager.swift; sourceTree = "<group>"; };
		528513BE2B8A520500F7442F /* User.swift */ = {isa = PBXFileReference; lastKnownFileType = sourcecode.swift; path = User.swift; sourceTree = "<group>"; };
		528513C32B8A683000F7442F /* MapHomeView.swift */ = {isa = PBXFileReference; lastKnownFileType = sourcecode.swift; path = MapHomeView.swift; sourceTree = "<group>"; };
		528513C52B8A683C00F7442F /* MapHomeVC.swift */ = {isa = PBXFileReference; lastKnownFileType = sourcecode.swift; path = MapHomeVC.swift; sourceTree = "<group>"; };
		52AC81C72B8B4E3C001A8F1D /* UserManager.swift */ = {isa = PBXFileReference; lastKnownFileType = sourcecode.swift; path = UserManager.swift; sourceTree = "<group>"; };
		52AC81C92B8B56F2001A8F1D /* LocationManager.swift */ = {isa = PBXFileReference; lastKnownFileType = sourcecode.swift; path = LocationManager.swift; sourceTree = "<group>"; };
		52D4CD842B8BD3AD00405F85 /* FavPlacesView.swift */ = {isa = PBXFileReference; lastKnownFileType = sourcecode.swift; path = FavPlacesView.swift; sourceTree = "<group>"; };
		52D4CD862B8BD3B700405F85 /* FavPlacesVC.swift */ = {isa = PBXFileReference; lastKnownFileType = sourcecode.swift; path = FavPlacesVC.swift; sourceTree = "<group>"; };
		52DA5F892B889A2B00A97A77 /* HealthyLife.app */ = {isa = PBXFileReference; explicitFileType = wrapper.application; includeInIndex = 0; path = HealthyLife.app; sourceTree = BUILT_PRODUCTS_DIR; };
		52DA5F8C2B889A2B00A97A77 /* AppDelegate.swift */ = {isa = PBXFileReference; lastKnownFileType = sourcecode.swift; path = AppDelegate.swift; sourceTree = "<group>"; };
		52DA5F902B889A2B00A97A77 /* ViewController.swift */ = {isa = PBXFileReference; lastKnownFileType = sourcecode.swift; path = ViewController.swift; sourceTree = "<group>"; };
		52DA5F952B889A2C00A97A77 /* Assets.xcassets */ = {isa = PBXFileReference; lastKnownFileType = folder.assetcatalog; path = Assets.xcassets; sourceTree = "<group>"; };
		52DA5F982B889A2C00A97A77 /* Base */ = {isa = PBXFileReference; lastKnownFileType = file.storyboard; name = Base; path = Base.lproj/LaunchScreen.storyboard; sourceTree = "<group>"; };
		52DA5F9A2B889A2C00A97A77 /* Info.plist */ = {isa = PBXFileReference; lastKnownFileType = text.plist.xml; path = Info.plist; sourceTree = "<group>"; };
		52E851882B8A87B200DE97F8 /* tabBar.swift */ = {isa = PBXFileReference; lastKnownFileType = sourcecode.swift; path = tabBar.swift; sourceTree = "<group>"; };
		52E8518A2B8A8A1E00DE97F8 /* ProfileView.swift */ = {isa = PBXFileReference; lastKnownFileType = sourcecode.swift; path = ProfileView.swift; sourceTree = "<group>"; };
		52E8518C2B8A8A2900DE97F8 /* ProfileVC.swift */ = {isa = PBXFileReference; lastKnownFileType = sourcecode.swift; path = ProfileVC.swift; sourceTree = "<group>"; };
		52E8518E2B8A8A3500DE97F8 /* StatsVC.swift */ = {isa = PBXFileReference; lastKnownFileType = sourcecode.swift; path = StatsVC.swift; sourceTree = "<group>"; };
		52E851902B8A8A4100DE97F8 /* StatsView.swift */ = {isa = PBXFileReference; lastKnownFileType = sourcecode.swift; path = StatsView.swift; sourceTree = "<group>"; };
		619E75416115637E82D5CDF8 /* Pods_HealthyLife.framework */ = {isa = PBXFileReference; explicitFileType = wrapper.framework; includeInIndex = 0; path = Pods_HealthyLife.framework; sourceTree = BUILT_PRODUCTS_DIR; };
		69AC7B532FE0188F60439EFE /* Pods-HealthyLife.debug.xcconfig */ = {isa = PBXFileReference; includeInIndex = 1; lastKnownFileType = text.xcconfig; name = "Pods-HealthyLife.debug.xcconfig"; path = "Target Support Files/Pods-HealthyLife/Pods-HealthyLife.debug.xcconfig"; sourceTree = "<group>"; };
/* End PBXFileReference section */

/* Begin PBXFrameworksBuildPhase section */
		52DA5F862B889A2B00A97A77 /* Frameworks */ = {
			isa = PBXFrameworksBuildPhase;
			buildActionMask = 2147483647;
			files = (
				A02BDC7C3E5909A74EE83774 /* Pods_HealthyLife.framework in Frameworks */,
			);
			runOnlyForDeploymentPostprocessing = 0;
		};
/* End PBXFrameworksBuildPhase section */

/* Begin PBXGroup section */
		523423C82B88B013001F8EE0 /* Features */ = {
			isa = PBXGroup;
			children = (
				528513C22B8A681D00F7442F /* Map */,
				528513C12B8A681200F7442F /* Profile */,
				528513C02B8A680D00F7442F /* Stats */,
				52397EB92B88B4C700DE18B5 /* Auth */,
				52E851882B8A87B200DE97F8 /* tabBar.swift */,
			);
			path = Features;
			sourceTree = "<group>";
		};
		523423C92B88B019001F8EE0 /* Classes */ = {
			isa = PBXGroup;
			children = (
				523423CA2B88B028001F8EE0 /* BaseView.swift */,
			);
			path = Classes;
			sourceTree = "<group>";
		};
		52397EB92B88B4C700DE18B5 /* Auth */ = {
			isa = PBXGroup;
			children = (
				52397EBB2B88B4D400DE18B5 /* SignUp */,
				52397EBA2B88B4CD00DE18B5 /* SignIn */,
			);
			path = Auth;
			sourceTree = "<group>";
		};
		52397EBA2B88B4CD00DE18B5 /* SignIn */ = {
			isa = PBXGroup;
			children = (
				52397EBC2B88B4E700DE18B5 /* SignInView.swift */,
				52397EBE2B88B4F100DE18B5 /* SignInVC.swift */,
			);
			path = SignIn;
			sourceTree = "<group>";
		};
		52397EBB2B88B4D400DE18B5 /* SignUp */ = {
			isa = PBXGroup;
			children = (
				528513B22B8A30B200F7442F /* SignUpView.swift */,
				528513B42B8A30C300F7442F /* SignUpVC.swift */,
			);
			path = SignUp;
			sourceTree = "<group>";
		};
		52397EC02B88B70600DE18B5 /* CustomComponents */ = {
			isa = PBXGroup;
			children = (
				52397EC12B88B9A400DE18B5 /* customTextField.swift */,
				52397ED22B88BD8100DE18B5 /* customButton.swift */,
				52397ED42B88C59F00DE18B5 /* customLabel.swift */,
				52397ED62B88C64800DE18B5 /* customImageView.swift */,
				528513B82B8A34AC00F7442F /* customStackView.swift */,
			);
			path = CustomComponents;
			sourceTree = "<group>";
		};
		52397EC32B88BA8800DE18B5 /* Constants */ = {
			isa = PBXGroup;
			children = (
				52397EC42B88BA8E00DE18B5 /* Fonts */,
				528513B62B8A311200F7442F /* ConstantComponents.swift */,
			);
			path = Constants;
			sourceTree = "<group>";
		};
		52397EC42B88BA8E00DE18B5 /* Fonts */ = {
			isa = PBXGroup;
			children = (
				52397ECB2B88BB6200DE18B5 /* OpenSans-Light.ttf */,
				52397EC92B88BB5800DE18B5 /* OpenSans-Italic.ttf */,
				52397EC72B88BB4100DE18B5 /* OpenSans-BoldItalic.ttf */,
				52397EC52B88BB1600DE18B5 /* OpenSans-SemiBoldItalic.ttf */,
				52397ECD2B88BBE400DE18B5 /* ConstantFonts.swift */,
			);
			path = Fonts;
			sourceTree = "<group>";
		};
		52397ECF2B88BC1700DE18B5 /* Extensions */ = {
			isa = PBXGroup;
			children = (
				52397ED02B88BC2200DE18B5 /* UIFontExtension.swift */,
			);
			path = Extensions;
			sourceTree = "<group>";
		};
		5271ED102B8C678A000930E5 /* SelectedPlace */ = {
			isa = PBXGroup;
			children = (
				5271ED122B8C71FF000930E5 /* SelectedPlaceView.swift */,
				5271ED142B8C720C000930E5 /* SelectedPlaceVC.swift */,
				5271ED162B8C724B000930E5 /* ContacsCell.swift */,
				5271ED182B8C77EE000930E5 /* PlacesCell.swift */,
			);
			path = SelectedPlace;
			sourceTree = "<group>";
		};
		528513BA2B8A512600F7442F /* Managers */ = {
			isa = PBXGroup;
			children = (
				528513BB2B8A513800F7442F /* SessionManager.swift */,
				52AC81C72B8B4E3C001A8F1D /* UserManager.swift */,
				52AC81C92B8B56F2001A8F1D /* LocationManager.swift */,
				5271ED1A2B8C8033000930E5 /* ContacsManeger.swift */,
			);
			path = Managers;
			sourceTree = "<group>";
		};
		528513BD2B8A51F900F7442F /* Model */ = {
			isa = PBXGroup;
			children = (
				528513BE2B8A520500F7442F /* User.swift */,
			);
			path = Model;
			sourceTree = "<group>";
		};
		528513C02B8A680D00F7442F /* Stats */ = {
			isa = PBXGroup;
			children = (
				52E8518E2B8A8A3500DE97F8 /* StatsVC.swift */,
				52E851902B8A8A4100DE97F8 /* StatsView.swift */,
			);
			path = Stats;
			sourceTree = "<group>";
		};
		528513C12B8A681200F7442F /* Profile */ = {
			isa = PBXGroup;
			children = (
				52E8518A2B8A8A1E00DE97F8 /* ProfileView.swift */,
				52E8518C2B8A8A2900DE97F8 /* ProfileVC.swift */,
			);
			path = Profile;
			sourceTree = "<group>";
		};
		528513C22B8A681D00F7442F /* Map */ = {
			isa = PBXGroup;
			children = (
				52D4CD832B8BD39D00405F85 /* FavPlaces */,
				528513C32B8A683000F7442F /* MapHomeView.swift */,
				528513C52B8A683C00F7442F /* MapHomeVC.swift */,
			);
			path = Map;
			sourceTree = "<group>";
		};
		52D4CD832B8BD39D00405F85 /* FavPlaces */ = {
			isa = PBXGroup;
			children = (
				5271ED102B8C678A000930E5 /* SelectedPlace */,
				52D4CD842B8BD3AD00405F85 /* FavPlacesView.swift */,
				52D4CD862B8BD3B700405F85 /* FavPlacesVC.swift */,
				5271ED0E2B8C6305000930E5 /* FavPlacesCell.swift */,
			);
			path = FavPlaces;
			sourceTree = "<group>";
		};
		52DA5F802B889A2B00A97A77 = {
			isa = PBXGroup;
			children = (
				52DA5F8B2B889A2B00A97A77 /* HealthyLife */,
				52DA5F8A2B889A2B00A97A77 /* Products */,
				EF952832D66B80FC67AE2281 /* Pods */,
				8EF2C4C0D9A1B98C84127F11 /* Frameworks */,
			);
			sourceTree = "<group>";
		};
		52DA5F8A2B889A2B00A97A77 /* Products */ = {
			isa = PBXGroup;
			children = (
				52DA5F892B889A2B00A97A77 /* HealthyLife.app */,
			);
			name = Products;
			sourceTree = "<group>";
		};
		52DA5F8B2B889A2B00A97A77 /* HealthyLife */ = {
			isa = PBXGroup;
			children = (
				528513BD2B8A51F900F7442F /* Model */,
				528513BA2B8A512600F7442F /* Managers */,
				52397ECF2B88BC1700DE18B5 /* Extensions */,
				52397EC32B88BA8800DE18B5 /* Constants */,
				52397EC02B88B70600DE18B5 /* CustomComponents */,
				523423C92B88B019001F8EE0 /* Classes */,
				523423C82B88B013001F8EE0 /* Features */,
				52DA5F8C2B889A2B00A97A77 /* AppDelegate.swift */,
				52DA5F902B889A2B00A97A77 /* ViewController.swift */,
				52DA5F952B889A2C00A97A77 /* Assets.xcassets */,
				52DA5F972B889A2C00A97A77 /* LaunchScreen.storyboard */,
				52DA5F9A2B889A2C00A97A77 /* Info.plist */,
				52397ED92B88DDEE00DE18B5 /* GoogleService-Info.plist */,
			);
			path = HealthyLife;
			sourceTree = "<group>";
		};
		8EF2C4C0D9A1B98C84127F11 /* Frameworks */ = {
			isa = PBXGroup;
			children = (
				523423C72B88A9C5001F8EE0 /* Pods_HealthyLife.framework */,
				619E75416115637E82D5CDF8 /* Pods_HealthyLife.framework */,
			);
			name = Frameworks;
			sourceTree = "<group>";
		};
		EF952832D66B80FC67AE2281 /* Pods */ = {
			isa = PBXGroup;
			children = (
				2B4E39DF478908EA0ED21156 /* Pods-HealthyLife.release.xcconfig */,
				69AC7B532FE0188F60439EFE /* Pods-HealthyLife.debug.xcconfig */,
			);
			path = Pods;
			sourceTree = "<group>";
		};
/* End PBXGroup section */

/* Begin PBXNativeTarget section */
		52DA5F882B889A2B00A97A77 /* HealthyLife */ = {
			isa = PBXNativeTarget;
			buildConfigurationList = 52DA5F9D2B889A2C00A97A77 /* Build configuration list for PBXNativeTarget "HealthyLife" */;
			buildPhases = (
				AF836B89D6B5FDC6715A6DF3 /* [CP] Check Pods Manifest.lock */,
				52DA5F852B889A2B00A97A77 /* Sources */,
				52DA5F862B889A2B00A97A77 /* Frameworks */,
				52DA5F872B889A2B00A97A77 /* Resources */,
				7F53988018754F36BB45C954 /* [CP] Embed Pods Frameworks */,
			);
			buildRules = (
			);
			dependencies = (
			);
			name = HealthyLife;
			productName = HealthyLife;
			productReference = 52DA5F892B889A2B00A97A77 /* HealthyLife.app */;
			productType = "com.apple.product-type.application";
		};
/* End PBXNativeTarget section */

/* Begin PBXProject section */
		52DA5F812B889A2B00A97A77 /* Project object */ = {
			isa = PBXProject;
			attributes = {
				BuildIndependentTargetsInParallel = 1;
				LastSwiftUpdateCheck = 1520;
				LastUpgradeCheck = 1520;
				TargetAttributes = {
					52DA5F882B889A2B00A97A77 = {
						CreatedOnToolsVersion = 15.2;
					};
				};
			};
			buildConfigurationList = 52DA5F842B889A2B00A97A77 /* Build configuration list for PBXProject "HealthyLife" */;
			compatibilityVersion = "Xcode 14.0";
			developmentRegion = en;
			hasScannedForEncodings = 0;
			knownRegions = (
				en,
				Base,
			);
			mainGroup = 52DA5F802B889A2B00A97A77;
			productRefGroup = 52DA5F8A2B889A2B00A97A77 /* Products */;
			projectDirPath = "";
			projectRoot = "";
			targets = (
				52DA5F882B889A2B00A97A77 /* HealthyLife */,
			);
		};
/* End PBXProject section */

/* Begin PBXResourcesBuildPhase section */
		52DA5F872B889A2B00A97A77 /* Resources */ = {
			isa = PBXResourcesBuildPhase;
			buildActionMask = 2147483647;
			files = (
				52397EC62B88BB1600DE18B5 /* OpenSans-SemiBoldItalic.ttf in Resources */,
				52DA5F992B889A2C00A97A77 /* LaunchScreen.storyboard in Resources */,
				52397ECC2B88BB6200DE18B5 /* OpenSans-Light.ttf in Resources */,
				52397ECA2B88BB5800DE18B5 /* OpenSans-Italic.ttf in Resources */,
				52DA5F962B889A2C00A97A77 /* Assets.xcassets in Resources */,
				52397EC82B88BB4100DE18B5 /* OpenSans-BoldItalic.ttf in Resources */,
				52397EDA2B88DDEE00DE18B5 /* GoogleService-Info.plist in Resources */,
			);
			runOnlyForDeploymentPostprocessing = 0;
		};
/* End PBXResourcesBuildPhase section */

/* Begin PBXShellScriptBuildPhase section */
		7F53988018754F36BB45C954 /* [CP] Embed Pods Frameworks */ = {
			isa = PBXShellScriptBuildPhase;
			buildActionMask = 2147483647;
			files = (
			);
			inputFileListPaths = (
				"${PODS_ROOT}/Target Support Files/Pods-HealthyLife/Pods-HealthyLife-frameworks-${CONFIGURATION}-input-files.xcfilelist",
			);
			name = "[CP] Embed Pods Frameworks";
			outputFileListPaths = (
				"${PODS_ROOT}/Target Support Files/Pods-HealthyLife/Pods-HealthyLife-frameworks-${CONFIGURATION}-output-files.xcfilelist",
			);
			runOnlyForDeploymentPostprocessing = 0;
			shellPath = /bin/sh;
			shellScript = "\"${PODS_ROOT}/Target Support Files/Pods-HealthyLife/Pods-HealthyLife-frameworks.sh\"\n";
			showEnvVarsInLog = 0;
		};
		AF836B89D6B5FDC6715A6DF3 /* [CP] Check Pods Manifest.lock */ = {
			isa = PBXShellScriptBuildPhase;
			buildActionMask = 2147483647;
			files = (
			);
			inputFileListPaths = (
			);
			inputPaths = (
				"${PODS_PODFILE_DIR_PATH}/Podfile.lock",
				"${PODS_ROOT}/Manifest.lock",
			);
			name = "[CP] Check Pods Manifest.lock";
			outputFileListPaths = (
			);
			outputPaths = (
				"$(DERIVED_FILE_DIR)/Pods-HealthyLife-checkManifestLockResult.txt",
			);
			runOnlyForDeploymentPostprocessing = 0;
			shellPath = /bin/sh;
			shellScript = "diff \"${PODS_PODFILE_DIR_PATH}/Podfile.lock\" \"${PODS_ROOT}/Manifest.lock\" > /dev/null\nif [ $? != 0 ] ; then\n    # print error to STDERR\n    echo \"error: The sandbox is not in sync with the Podfile.lock. Run 'pod install' or update your CocoaPods installation.\" >&2\n    exit 1\nfi\n# This output is used by Xcode 'outputs' to avoid re-running this script phase.\necho \"SUCCESS\" > \"${SCRIPT_OUTPUT_FILE_0}\"\n";
			showEnvVarsInLog = 0;
		};
/* End PBXShellScriptBuildPhase section */

/* Begin PBXSourcesBuildPhase section */
		52DA5F852B889A2B00A97A77 /* Sources */ = {
			isa = PBXSourcesBuildPhase;
			buildActionMask = 2147483647;
			files = (
				528513C42B8A683000F7442F /* MapHomeView.swift in Sources */,
				523423CB2B88B028001F8EE0 /* BaseView.swift in Sources */,
				52397ECE2B88BBE400DE18B5 /* ConstantFonts.swift in Sources */,
				5271ED1B2B8C8033000930E5 /* ContacsManeger.swift in Sources */,
				528513B92B8A34AC00F7442F /* customStackView.swift in Sources */,
				528513C62B8A683C00F7442F /* MapHomeVC.swift in Sources */,
				52397ED72B88C64800DE18B5 /* customImageView.swift in Sources */,
				528513B72B8A311200F7442F /* ConstantComponents.swift in Sources */,
				52397ED12B88BC2200DE18B5 /* UIFontExtension.swift in Sources */,
				528513B32B8A30B200F7442F /* SignUpView.swift in Sources */,
				528513BF2B8A520500F7442F /* User.swift in Sources */,
				52D4CD872B8BD3B700405F85 /* FavPlacesVC.swift in Sources */,
				5271ED0F2B8C6305000930E5 /* FavPlacesCell.swift in Sources */,
				52DA5F912B889A2B00A97A77 /* ViewController.swift in Sources */,
				52397EC22B88B9A400DE18B5 /* customTextField.swift in Sources */,
				52AC81CA2B8B56F2001A8F1D /* LocationManager.swift in Sources */,
				52397ED52B88C59F00DE18B5 /* customLabel.swift in Sources */,
				52397EBD2B88B4E700DE18B5 /* SignInView.swift in Sources */,
				5271ED132B8C71FF000930E5 /* SelectedPlaceView.swift in Sources */,
				52D4CD852B8BD3AD00405F85 /* FavPlacesView.swift in Sources */,
				52DA5F8D2B889A2B00A97A77 /* AppDelegate.swift in Sources */,
				528513B52B8A30C300F7442F /* SignUpVC.swift in Sources */,
				52AC81C82B8B4E3C001A8F1D /* UserManager.swift in Sources */,
				52397EBF2B88B4F100DE18B5 /* SignInVC.swift in Sources */,
				5271ED172B8C724B000930E5 /* ContacsCell.swift in Sources */,
				52E8518F2B8A8A3500DE97F8 /* StatsVC.swift in Sources */,
				5271ED152B8C720C000930E5 /* SelectedPlaceVC.swift in Sources */,
				528513BC2B8A513800F7442F /* SessionManager.swift in Sources */,
				5271ED192B8C77EE000930E5 /* PlacesCell.swift in Sources */,
				52397ED32B88BD8100DE18B5 /* customButton.swift in Sources */,
				52E851912B8A8A4100DE97F8 /* StatsView.swift in Sources */,
				52E8518B2B8A8A1E00DE97F8 /* ProfileView.swift in Sources */,
				52E8518D2B8A8A2900DE97F8 /* ProfileVC.swift in Sources */,
				52E851892B8A87B200DE97F8 /* tabBar.swift in Sources */,
			);
			runOnlyForDeploymentPostprocessing = 0;
		};
/* End PBXSourcesBuildPhase section */

/* Begin PBXVariantGroup section */
		52DA5F972B889A2C00A97A77 /* LaunchScreen.storyboard */ = {
			isa = PBXVariantGroup;
			children = (
				52DA5F982B889A2C00A97A77 /* Base */,
			);
			name = LaunchScreen.storyboard;
			sourceTree = "<group>";
		};
/* End PBXVariantGroup section */

/* Begin XCBuildConfiguration section */
		52DA5F9B2B889A2C00A97A77 /* Debug */ = {
			isa = XCBuildConfiguration;
			buildSettings = {
				ALWAYS_SEARCH_USER_PATHS = NO;
				ASSETCATALOG_COMPILER_GENERATE_SWIFT_ASSET_SYMBOL_EXTENSIONS = YES;
				CLANG_ANALYZER_NONNULL = YES;
				CLANG_ANALYZER_NUMBER_OBJECT_CONVERSION = YES_AGGRESSIVE;
				CLANG_CXX_LANGUAGE_STANDARD = "gnu++20";
				CLANG_ENABLE_MODULES = YES;
				CLANG_ENABLE_OBJC_ARC = YES;
				CLANG_ENABLE_OBJC_WEAK = YES;
				CLANG_WARN_BLOCK_CAPTURE_AUTORELEASING = YES;
				CLANG_WARN_BOOL_CONVERSION = YES;
				CLANG_WARN_COMMA = YES;
				CLANG_WARN_CONSTANT_CONVERSION = YES;
				CLANG_WARN_DEPRECATED_OBJC_IMPLEMENTATIONS = YES;
				CLANG_WARN_DIRECT_OBJC_ISA_USAGE = YES_ERROR;
				CLANG_WARN_DOCUMENTATION_COMMENTS = YES;
				CLANG_WARN_EMPTY_BODY = YES;
				CLANG_WARN_ENUM_CONVERSION = YES;
				CLANG_WARN_INFINITE_RECURSION = YES;
				CLANG_WARN_INT_CONVERSION = YES;
				CLANG_WARN_NON_LITERAL_NULL_CONVERSION = YES;
				CLANG_WARN_OBJC_IMPLICIT_RETAIN_SELF = YES;
				CLANG_WARN_OBJC_LITERAL_CONVERSION = YES;
				CLANG_WARN_OBJC_ROOT_CLASS = YES_ERROR;
				CLANG_WARN_QUOTED_INCLUDE_IN_FRAMEWORK_HEADER = YES;
				CLANG_WARN_RANGE_LOOP_ANALYSIS = YES;
				CLANG_WARN_STRICT_PROTOTYPES = YES;
				CLANG_WARN_SUSPICIOUS_MOVE = YES;
				CLANG_WARN_UNGUARDED_AVAILABILITY = YES_AGGRESSIVE;
				CLANG_WARN_UNREACHABLE_CODE = YES;
				CLANG_WARN__DUPLICATE_METHOD_MATCH = YES;
				COPY_PHASE_STRIP = NO;
				DEBUG_INFORMATION_FORMAT = dwarf;
				ENABLE_STRICT_OBJC_MSGSEND = YES;
				ENABLE_TESTABILITY = YES;
				ENABLE_USER_SCRIPT_SANDBOXING = NO;
				GCC_C_LANGUAGE_STANDARD = gnu17;
				GCC_DYNAMIC_NO_PIC = NO;
				GCC_NO_COMMON_BLOCKS = YES;
				GCC_OPTIMIZATION_LEVEL = 0;
				GCC_PREPROCESSOR_DEFINITIONS = (
					"DEBUG=1",
					"$(inherited)",
				);
				GCC_WARN_64_TO_32_BIT_CONVERSION = YES;
				GCC_WARN_ABOUT_RETURN_TYPE = YES_ERROR;
				GCC_WARN_UNDECLARED_SELECTOR = YES;
				GCC_WARN_UNINITIALIZED_AUTOS = YES_AGGRESSIVE;
				GCC_WARN_UNUSED_FUNCTION = YES;
				GCC_WARN_UNUSED_VARIABLE = YES;
				IPHONEOS_DEPLOYMENT_TARGET = 12.4;
				LOCALIZATION_PREFERS_STRING_CATALOGS = YES;
				MTL_ENABLE_DEBUG_INFO = INCLUDE_SOURCE;
				MTL_FAST_MATH = YES;
				ONLY_ACTIVE_ARCH = YES;
				SDKROOT = iphoneos;
				SWIFT_ACTIVE_COMPILATION_CONDITIONS = "DEBUG $(inherited)";
				SWIFT_OPTIMIZATION_LEVEL = "-Onone";
			};
			name = Debug;
		};
		52DA5F9C2B889A2C00A97A77 /* Release */ = {
			isa = XCBuildConfiguration;
			buildSettings = {
				ALWAYS_SEARCH_USER_PATHS = NO;
				ASSETCATALOG_COMPILER_GENERATE_SWIFT_ASSET_SYMBOL_EXTENSIONS = YES;
				CLANG_ANALYZER_NONNULL = YES;
				CLANG_ANALYZER_NUMBER_OBJECT_CONVERSION = YES_AGGRESSIVE;
				CLANG_CXX_LANGUAGE_STANDARD = "gnu++20";
				CLANG_ENABLE_MODULES = YES;
				CLANG_ENABLE_OBJC_ARC = YES;
				CLANG_ENABLE_OBJC_WEAK = YES;
				CLANG_WARN_BLOCK_CAPTURE_AUTORELEASING = YES;
				CLANG_WARN_BOOL_CONVERSION = YES;
				CLANG_WARN_COMMA = YES;
				CLANG_WARN_CONSTANT_CONVERSION = YES;
				CLANG_WARN_DEPRECATED_OBJC_IMPLEMENTATIONS = YES;
				CLANG_WARN_DIRECT_OBJC_ISA_USAGE = YES_ERROR;
				CLANG_WARN_DOCUMENTATION_COMMENTS = YES;
				CLANG_WARN_EMPTY_BODY = YES;
				CLANG_WARN_ENUM_CONVERSION = YES;
				CLANG_WARN_INFINITE_RECURSION = YES;
				CLANG_WARN_INT_CONVERSION = YES;
				CLANG_WARN_NON_LITERAL_NULL_CONVERSION = YES;
				CLANG_WARN_OBJC_IMPLICIT_RETAIN_SELF = YES;
				CLANG_WARN_OBJC_LITERAL_CONVERSION = YES;
				CLANG_WARN_OBJC_ROOT_CLASS = YES_ERROR;
				CLANG_WARN_QUOTED_INCLUDE_IN_FRAMEWORK_HEADER = YES;
				CLANG_WARN_RANGE_LOOP_ANALYSIS = YES;
				CLANG_WARN_STRICT_PROTOTYPES = YES;
				CLANG_WARN_SUSPICIOUS_MOVE = YES;
				CLANG_WARN_UNGUARDED_AVAILABILITY = YES_AGGRESSIVE;
				CLANG_WARN_UNREACHABLE_CODE = YES;
				CLANG_WARN__DUPLICATE_METHOD_MATCH = YES;
				COPY_PHASE_STRIP = NO;
				DEBUG_INFORMATION_FORMAT = "dwarf-with-dsym";
				ENABLE_NS_ASSERTIONS = NO;
				ENABLE_STRICT_OBJC_MSGSEND = YES;
				ENABLE_USER_SCRIPT_SANDBOXING = NO;
				GCC_C_LANGUAGE_STANDARD = gnu17;
				GCC_NO_COMMON_BLOCKS = YES;
				GCC_WARN_64_TO_32_BIT_CONVERSION = YES;
				GCC_WARN_ABOUT_RETURN_TYPE = YES_ERROR;
				GCC_WARN_UNDECLARED_SELECTOR = YES;
				GCC_WARN_UNINITIALIZED_AUTOS = YES_AGGRESSIVE;
				GCC_WARN_UNUSED_FUNCTION = YES;
				GCC_WARN_UNUSED_VARIABLE = YES;
				IPHONEOS_DEPLOYMENT_TARGET = 12.4;
				LOCALIZATION_PREFERS_STRING_CATALOGS = YES;
				MTL_ENABLE_DEBUG_INFO = NO;
				MTL_FAST_MATH = YES;
				SDKROOT = iphoneos;
				SWIFT_COMPILATION_MODE = wholemodule;
				VALIDATE_PRODUCT = YES;
			};
			name = Release;
		};
		52DA5F9E2B889A2C00A97A77 /* Debug */ = {
			isa = XCBuildConfiguration;
			baseConfigurationReference = 69AC7B532FE0188F60439EFE /* Pods-HealthyLife.debug.xcconfig */;
			buildSettings = {
				ASSETCATALOG_COMPILER_APPICON_NAME = AppIcon;
				ASSETCATALOG_COMPILER_GLOBAL_ACCENT_COLOR_NAME = AccentColor;
				CODE_SIGN_STYLE = Automatic;
				CURRENT_PROJECT_VERSION = 1;
				DEVELOPMENT_TEAM = 2758CUH3C2;
				GENERATE_INFOPLIST_FILE = YES;
				INFOPLIST_FILE = HealthyLife/Info.plist;
				INFOPLIST_KEY_NSContactsUsageDescription = "we need to access your contacs for use this feature";
				INFOPLIST_KEY_NSLocationWhenInUseUsageDescription = "We need your location usage";
				INFOPLIST_KEY_UIApplicationSupportsIndirectInputEvents = YES;
				INFOPLIST_KEY_UILaunchStoryboardName = LaunchScreen;
				INFOPLIST_KEY_UISupportedInterfaceOrientations_iPad = "UIInterfaceOrientationPortrait UIInterfaceOrientationPortraitUpsideDown UIInterfaceOrientationLandscapeLeft UIInterfaceOrientationLandscapeRight";
				INFOPLIST_KEY_UISupportedInterfaceOrientations_iPhone = "UIInterfaceOrientationPortrait UIInterfaceOrientationLandscapeLeft UIInterfaceOrientationLandscapeRight";
				IPHONEOS_DEPLOYMENT_TARGET = 12.4;
				LD_RUNPATH_SEARCH_PATHS = (
					"$(inherited)",
					"@executable_path/Frameworks",
				);
				MARKETING_VERSION = 1.0;
				PRODUCT_BUNDLE_IDENTIFIER = com.ulasozturk.HealthyLife;
				PRODUCT_NAME = "$(TARGET_NAME)";
				SWIFT_EMIT_LOC_STRINGS = YES;
				SWIFT_VERSION = 5.0;
				TARGETED_DEVICE_FAMILY = "1,2";
			};
			name = Debug;
		};
		52DA5F9F2B889A2C00A97A77 /* Release */ = {
			isa = XCBuildConfiguration;
			baseConfigurationReference = 2B4E39DF478908EA0ED21156 /* Pods-HealthyLife.release.xcconfig */;
			buildSettings = {
				ASSETCATALOG_COMPILER_APPICON_NAME = AppIcon;
				ASSETCATALOG_COMPILER_GLOBAL_ACCENT_COLOR_NAME = AccentColor;
				CODE_SIGN_STYLE = Automatic;
				CURRENT_PROJECT_VERSION = 1;
				DEVELOPMENT_TEAM = 2758CUH3C2;
				GENERATE_INFOPLIST_FILE = YES;
				INFOPLIST_FILE = HealthyLife/Info.plist;
				INFOPLIST_KEY_NSContactsUsageDescription = "we need to access your contacs for use this feature";
				INFOPLIST_KEY_NSLocationWhenInUseUsageDescription = "We need your location usage";
				INFOPLIST_KEY_UIApplicationSupportsIndirectInputEvents = YES;
				INFOPLIST_KEY_UILaunchStoryboardName = LaunchScreen;
				INFOPLIST_KEY_UISupportedInterfaceOrientations_iPad = "UIInterfaceOrientationPortrait UIInterfaceOrientationPortraitUpsideDown UIInterfaceOrientationLandscapeLeft UIInterfaceOrientationLandscapeRight";
				INFOPLIST_KEY_UISupportedInterfaceOrientations_iPhone = "UIInterfaceOrientationPortrait UIInterfaceOrientationLandscapeLeft UIInterfaceOrientationLandscapeRight";
				IPHONEOS_DEPLOYMENT_TARGET = 12.4;
				LD_RUNPATH_SEARCH_PATHS = (
					"$(inherited)",
					"@executable_path/Frameworks",
				);
				MARKETING_VERSION = 1.0;
				PRODUCT_BUNDLE_IDENTIFIER = com.ulasozturk.HealthyLife;
				PRODUCT_NAME = "$(TARGET_NAME)";
				SWIFT_EMIT_LOC_STRINGS = YES;
				SWIFT_VERSION = 5.0;
				TARGETED_DEVICE_FAMILY = "1,2";
			};
			name = Release;
		};
/* End XCBuildConfiguration section */

/* Begin XCConfigurationList section */
		52DA5F842B889A2B00A97A77 /* Build configuration list for PBXProject "HealthyLife" */ = {
			isa = XCConfigurationList;
			buildConfigurations = (
				52DA5F9B2B889A2C00A97A77 /* Debug */,
				52DA5F9C2B889A2C00A97A77 /* Release */,
			);
			defaultConfigurationIsVisible = 0;
			defaultConfigurationName = Release;
		};
		52DA5F9D2B889A2C00A97A77 /* Build configuration list for PBXNativeTarget "HealthyLife" */ = {
			isa = XCConfigurationList;
			buildConfigurations = (
				52DA5F9E2B889A2C00A97A77 /* Debug */,
				52DA5F9F2B889A2C00A97A77 /* Release */,
			);
			defaultConfigurationIsVisible = 0;
			defaultConfigurationName = Release;
		};
/* End XCConfigurationList section */
	};
	rootObject = 52DA5F812B889A2B00A97A77 /* Project object */;
}
